
Microsoft Visual Studio Solution File, Format Version 12.00
# Visual Studio Version 17
VisualStudioVersion = 17.4.33213.308
MinimumVisualStudioVersion = 10.0.40219.1
Project("{9A19103F-16F7-4668-BE54-9A1E7A4F7556}") = "Inventary", "Inventary\Inventary.csproj", "{698721FA-2209-483F-AC77-33FA97FB9A47}"
EndProject
Project("{9A19103F-16F7-4668-BE54-9A1E7A4F7556}") = "Entities", "Entities\Entities.csproj", "{2A321A34-BDE1-4E04-9181-6011F64B0AB9}"
EndProject
Project("{9A19103F-16F7-4668-BE54-9A1E7A4F7556}") = "DataAccess", "DataAccess\DataAccess.csproj", "{92E64C74-ACCF-4648-A606-AB791EFF3606}"
EndProject
Project("{9A19103F-16F7-4668-BE54-9A1E7A4F7556}") = "Business", "Business\Business.csproj", "{4291A29E-ECE6-494B-8066-0769E7D7709E}"
EndProject
Global
	GlobalSection(SolutionConfigurationPlatforms) = preSolution
		Debug|Any CPU = Debug|Any CPU
		Release|Any CPU = Release|Any CPU
	EndGlobalSection
	GlobalSection(ProjectConfigurationPlatforms) = postSolution
		{698721FA-2209-483F-AC77-33FA97FB9A47}.Debug|Any CPU.ActiveCfg = Debug|Any CPU
		{698721FA-2209-483F-AC77-33FA97FB9A47}.Debug|Any CPU.Build.0 = Debug|Any CPU
		{698721FA-2209-483F-AC77-33FA97FB9A47}.Release|Any CPU.ActiveCfg = Release|Any CPU
		{698721FA-2209-483F-AC77-33FA97FB9A47}.Release|Any CPU.Build.0 = Release|Any CPU
		{2A321A34-BDE1-4E04-9181-6011F64B0AB9}.Debug|Any CPU.ActiveCfg = Debug|Any CPU
		{2A321A34-BDE1-4E04-9181-6011F64B0AB9}.Debug|Any CPU.Build.0 = Debug|Any CPU
		{2A321A34-BDE1-4E04-9181-6011F64B0AB9}.Release|Any CPU.ActiveCfg = Release|Any CPU
		{2A321A34-BDE1-4E04-9181-6011F64B0AB9}.Release|Any CPU.Build.0 = Release|Any CPU
		{92E64C74-ACCF-4648-A606-AB791EFF3606}.Debug|Any CPU.ActiveCfg = Debug|Any CPU
		{92E64C74-ACCF-4648-A606-AB791EFF3606}.Debug|Any CPU.Build.0 = Debug|Any CPU
		{92E64C74-ACCF-4648-A606-AB791EFF3606}.Release|Any CPU.ActiveCfg = Release|Any CPU
		{92E64C74-ACCF-4648-A606-AB791EFF3606}.Release|Any CPU.Build.0 = Release|Any CPU
		{4291A29E-ECE6-494B-8066-0769E7D7709E}.Debug|Any CPU.ActiveCfg = Debug|Any CPU
		{4291A29E-ECE6-494B-8066-0769E7D7709E}.Debug|Any CPU.Build.0 = Debug|Any CPU
		{4291A29E-ECE6-494B-8066-0769E7D7709E}.Release|Any CPU.ActiveCfg = Release|Any CPU
		{4291A29E-ECE6-494B-8066-0769E7D7709E}.Release|Any CPU.Build.0 = Release|Any CPU
	EndGlobalSection
	GlobalSection(SolutionProperties) = preSolution
		HideSolutionNode = FALSE
	EndGlobalSection
	GlobalSection(ExtensibilityGlobals) = postSolution
		SolutionGuid = {C11E126D-0C18-4ABB-AD99-DE4F603F8324}
	EndGlobalSection
EndGlobal
